
Microsoft Visual Studio Solution File, Format Version 12.00
# Visual Studio Version 17
VisualStudioVersion = 17.0.32014.148
MinimumVisualStudioVersion = 10.0.40219.1
Project("{FAE04EC0-301F-11D3-BF4B-00C04F79EFBC}") = "Gentex-CodingChallenge", "Gentex-CodingChallenge\Gentex-CodingChallenge.csproj", "{A8F60AF6-3529-474A-ABED-124DCEE311FE}"
EndProject
Project("{FAE04EC0-301F-11D3-BF4B-00C04F79EFBC}") = "Gentex-UnitTesting", "Gentex-UnitTesting\Gentex-UnitTesting.csproj", "{6FC1745B-5D1D-476F-8028-46A9F9E8B734}"
EndProject
Global
	GlobalSection(SolutionConfigurationPlatforms) = preSolution
		Debug|Any CPU = Debug|Any CPU
		Release|Any CPU = Release|Any CPU
	EndGlobalSection
	GlobalSection(ProjectConfigurationPlatforms) = postSolution
		{A8F60AF6-3529-474A-ABED-124DCEE311FE}.Debug|Any CPU.ActiveCfg = Debug|Any CPU
		{A8F60AF6-3529-474A-ABED-124DCEE311FE}.Debug|Any CPU.Build.0 = Debug|Any CPU
		{A8F60AF6-3529-474A-ABED-124DCEE311FE}.Release|Any CPU.ActiveCfg = Release|Any CPU
		{A8F60AF6-3529-474A-ABED-124DCEE311FE}.Release|Any CPU.Build.0 = Release|Any CPU
		{6FC1745B-5D1D-476F-8028-46A9F9E8B734}.Debug|Any CPU.ActiveCfg = Debug|Any CPU
		{6FC1745B-5D1D-476F-8028-46A9F9E8B734}.Debug|Any CPU.Build.0 = Debug|Any CPU
		{6FC1745B-5D1D-476F-8028-46A9F9E8B734}.Release|Any CPU.ActiveCfg = Release|Any CPU
		{6FC1745B-5D1D-476F-8028-46A9F9E8B734}.Release|Any CPU.Build.0 = Release|Any CPU
	EndGlobalSection
	GlobalSection(SolutionProperties) = preSolution
		HideSolutionNode = FALSE
	EndGlobalSection
	GlobalSection(ExtensibilityGlobals) = postSolution
		SolutionGuid = {336C36FF-B3B9-4D65-A916-394BF13F6E4C}
	EndGlobalSection
EndGlobal
